
Microsoft Visual Studio Solution File, Format Version 12.00
# Visual Studio 2012
Project("{FAE04EC0-301F-11D3-BF4B-00C04F79EFBC}") = "bank-kata-csharp", "bank-kata-csharp\bank-kata-csharp.csproj", "{D6623820-D2BC-45FC-BEE6-107BBE9ADC47}"
EndProject
Global
	GlobalSection(SolutionConfigurationPlatforms) = preSolution
		Debug|Any CPU = Debug|Any CPU
		Release|Any CPU = Release|Any CPU
	EndGlobalSection
	GlobalSection(ProjectConfigurationPlatforms) = postSolution
		{D6623820-D2BC-45FC-BEE6-107BBE9ADC47}.Debug|Any CPU.ActiveCfg = Debug|Any CPU
		{D6623820-D2BC-45FC-BEE6-107BBE9ADC47}.Debug|Any CPU.Build.0 = Debug|Any CPU
		{D6623820-D2BC-45FC-BEE6-107BBE9ADC47}.Release|Any CPU.ActiveCfg = Release|Any CPU
		{D6623820-D2BC-45FC-BEE6-107BBE9ADC47}.Release|Any CPU.Build.0 = Release|Any CPU
	EndGlobalSection
EndGlobal
