
Microsoft Visual Studio Solution File, Format Version 12.00
# Visual Studio 2012
Project("{FAE04EC0-301F-11D3-BF4B-00C04F79EFBC}") = "bank-kata-csharp.test", "bank-kata-csharp\bank-kata-csharp.test.csproj", "{D6623820-D2BC-45FC-BEE6-107BBE9ADC47}"
EndProject
Project("{D954291E-2A0B-460D-934E-DC6B0785DB48}") = "bank-kata-csharp.lib", "bank-kata-csharp.lib\bank-kata-csharp.lib.shproj", "{7BAF3243-6C30-442A-83FD-3201C6E45C65}"
EndProject
Global
	GlobalSection(SolutionConfigurationPlatforms) = preSolution
		Debug|Any CPU = Debug|Any CPU
		Release|Any CPU = Release|Any CPU
	EndGlobalSection
	GlobalSection(ProjectConfigurationPlatforms) = postSolution
		{D6623820-D2BC-45FC-BEE6-107BBE9ADC47}.Debug|Any CPU.ActiveCfg = Debug|Any CPU
		{D6623820-D2BC-45FC-BEE6-107BBE9ADC47}.Debug|Any CPU.Build.0 = Debug|Any CPU
		{D6623820-D2BC-45FC-BEE6-107BBE9ADC47}.Release|Any CPU.ActiveCfg = Release|Any CPU
		{D6623820-D2BC-45FC-BEE6-107BBE9ADC47}.Release|Any CPU.Build.0 = Release|Any CPU
	EndGlobalSection
EndGlobal
